
Microsoft Visual Studio Solution File, Format Version 12.00
# Visual Studio 2013
VisualStudioVersion = 12.0.31101.0
MinimumVisualStudioVersion = 10.0.40219.1
Project("{8BC9CEB8-8B4A-11D0-8D11-00A0C91BC942}") = "GOF", "..\GameOfLife\ConsoleApplication2\ConsoleApplication2.vcxproj", "{41C748D6-FD10-44EA-A167-EA25079172DE}"
EndProject
Global
	GlobalSection(SolutionConfigurationPlatforms) = preSolution
		Debug|Win32 = Debug|Win32
		Release|Win32 = Release|Win32
	EndGlobalSection
	GlobalSection(ProjectConfigurationPlatforms) = postSolution
		{41C748D6-FD10-44EA-A167-EA25079172DE}.Debug|Win32.ActiveCfg = Debug|Win32
		{41C748D6-FD10-44EA-A167-EA25079172DE}.Debug|Win32.Build.0 = Debug|Win32
		{41C748D6-FD10-44EA-A167-EA25079172DE}.Release|Win32.ActiveCfg = Release|Win32
		{41C748D6-FD10-44EA-A167-EA25079172DE}.Release|Win32.Build.0 = Release|Win32
	EndGlobalSection
	GlobalSection(SolutionProperties) = preSolution
		HideSolutionNode = FALSE
	EndGlobalSection
EndGlobal
